# This file is automatically @generated by Poetry 1.6.1 and should not be changed by hand.

[[package]]
name = "antlr4-python3-runtime"
version = "4.12.0"
description = "ANTLR 4.12.0 runtime for Python 3"
optional = false
python-versions = "*"
files = [
    {file = "antlr4-python3-runtime-4.12.0.tar.gz", hash = "sha256:0a8b82f55032734f43ed6b60b8a48c25754721a75cd714eb1fe9ce6ed418b361"},
    {file = "antlr4_python3_runtime-4.12.0-py3-none-any.whl", hash = "sha256:2c08f4dfbdc7dfd10f680681a96a55579c1e4f866f01d27099c9a54027923d70"},
]

[metadata]
lock-version = "2.0"
python-versions = "^3.11"
content-hash = "ac16eea7fea502eb38626a8ac9ff3daa5809d125a47b4196b44c48329f801edb"
